
Microsoft Visual Studio Solution File, Format Version 12.00
# Visual Studio Version 17
VisualStudioVersion = 17.6.33417.168
MinimumVisualStudioVersion = 10.0.40219.1
Project("{9A19103F-16F7-4668-BE54-9A1E7A4F7556}") = "dotNeat.Math.Matrices", "dotNeat.Math.Matrices\dotNeat.Math.Matrices.csproj", "{2D4A7DF0-3B09-406C-A693-40C3D17BAF5E}"
EndProject
Project("{9A19103F-16F7-4668-BE54-9A1E7A4F7556}") = "UnitTest.dotNeat.Math.Matrices", "UnitTest.dotNeat.Math.Matrices\UnitTest.dotNeat.Math.Matrices.csproj", "{015FEE51-B0AE-4650-9DA7-175F5C5C9959}"
EndProject
Global
	GlobalSection(SolutionConfigurationPlatforms) = preSolution
		Debug|Any CPU = Debug|Any CPU
		Release|Any CPU = Release|Any CPU
	EndGlobalSection
	GlobalSection(ProjectConfigurationPlatforms) = postSolution
		{2D4A7DF0-3B09-406C-A693-40C3D17BAF5E}.Debug|Any CPU.ActiveCfg = Debug|Any CPU
		{2D4A7DF0-3B09-406C-A693-40C3D17BAF5E}.Debug|Any CPU.Build.0 = Debug|Any CPU
		{2D4A7DF0-3B09-406C-A693-40C3D17BAF5E}.Release|Any CPU.ActiveCfg = Release|Any CPU
		{2D4A7DF0-3B09-406C-A693-40C3D17BAF5E}.Release|Any CPU.Build.0 = Release|Any CPU
		{015FEE51-B0AE-4650-9DA7-175F5C5C9959}.Debug|Any CPU.ActiveCfg = Debug|Any CPU
		{015FEE51-B0AE-4650-9DA7-175F5C5C9959}.Debug|Any CPU.Build.0 = Debug|Any CPU
		{015FEE51-B0AE-4650-9DA7-175F5C5C9959}.Release|Any CPU.ActiveCfg = Release|Any CPU
		{015FEE51-B0AE-4650-9DA7-175F5C5C9959}.Release|Any CPU.Build.0 = Release|Any CPU
	EndGlobalSection
	GlobalSection(SolutionProperties) = preSolution
		HideSolutionNode = FALSE
	EndGlobalSection
	GlobalSection(ExtensibilityGlobals) = postSolution
		SolutionGuid = {32602447-4720-41F9-955E-4FBE858E3D9B}
	EndGlobalSection
EndGlobal
